
Microsoft Visual Studio Solution File, Format Version 12.00
# Visual Studio Version 17
VisualStudioVersion = 17.5.33627.172
MinimumVisualStudioVersion = 10.0.40219.1
Project("{8BC9CEB8-8B4A-11D0-8D11-00A0C91BC942}") = "myCppStudy", "myCppStudy\myCppStudy.vcxproj", "{AF2A8BD9-08DC-447D-9887-29BFC1D1A2A5}"
EndProject
Project("{8BC9CEB8-8B4A-11D0-8D11-00A0C91BC942}") = "myCppStudy0518", "myCppStudy0518\myCppStudy0518.vcxproj", "{BBE683A8-72F1-498B-97DF-0721A91E214A}"
EndProject
Project("{8BC9CEB8-8B4A-11D0-8D11-00A0C91BC942}") = "myCppStudy0519", "myCppStudy0519\myCppStudy0519.vcxproj", "{07AFC0E9-ADE2-4DBB-8F6B-93EE2D18F3B0}"
EndProject
Project("{8BC9CEB8-8B4A-11D0-8D11-00A0C91BC942}") = "myCppStudy0522", "myCppStudy0522\myCppStudy0522.vcxproj", "{566C2E9D-1907-4A59-9387-BA372BEEAC32}"
EndProject
Project("{8BC9CEB8-8B4A-11D0-8D11-00A0C91BC942}") = "myCppStudy0523", "myCppStudy0523\myCppStudy0523.vcxproj", "{B3930161-987B-4276-A23C-BB3B231E6727}"
EndProject
Project("{8BC9CEB8-8B4A-11D0-8D11-00A0C91BC942}") = "myCppStudy0524", "myCppStudy0524\myCppStudy0524.vcxproj", "{9B555C3D-2D71-40F8-BD0B-494C36DFF4B6}"
EndProject
Project("{8BC9CEB8-8B4A-11D0-8D11-00A0C91BC942}") = "myCppStudy0525", "myCppStudy0525\myCppStudy0525.vcxproj", "{A4BA7F44-2D27-4BD6-8551-A71FC878AEE4}"
EndProject
Project("{8BC9CEB8-8B4A-11D0-8D11-00A0C91BC942}") = "myCppStudy0526", "myCppStudy0526\myCppStudy0526.vcxproj", "{EA051EAD-8C61-466F-9AB5-EF32027FAF17}"
EndProject
Project("{8BC9CEB8-8B4A-11D0-8D11-00A0C91BC942}") = "myCppStudy0531", "myCppStudy0531\myCppStudy0531.vcxproj", "{3E05AC8A-2502-42A3-86A5-CD47159DC486}"
EndProject
Project("{8BC9CEB8-8B4A-11D0-8D11-00A0C91BC942}") = "myCppStudy0601", "myCppStudy0601\myCppStudy0601.vcxproj", "{1601B3E1-5CB1-47EC-946E-95541587B67D}"
EndProject
Project("{8BC9CEB8-8B4A-11D0-8D11-00A0C91BC942}") = "TestStudyApp", "TestStudyApp\TestStudyApp.vcxproj", "{952200CD-ACAF-4077-AFE8-3A7C583E9221}"
EndProject
Project("{8BC9CEB8-8B4A-11D0-8D11-00A0C91BC942}") = "testApp2", "testApp2\testApp2.vcxproj", "{0C1C8B05-DBC1-4177-933C-30CBE98E9C3C}"
EndProject
Project("{8BC9CEB8-8B4A-11D0-8D11-00A0C91BC942}") = "Snake", "Snake\Snake.vcxproj", "{A5BA94E6-2C4D-453B-9DBD-476CC261AC86}"
EndProject
Global
	GlobalSection(SolutionConfigurationPlatforms) = preSolution
		Debug|x64 = Debug|x64
		Debug|x86 = Debug|x86
		Release|x64 = Release|x64
		Release|x86 = Release|x86
	EndGlobalSection
	GlobalSection(ProjectConfigurationPlatforms) = postSolution
		{AF2A8BD9-08DC-447D-9887-29BFC1D1A2A5}.Debug|x64.ActiveCfg = Debug|x64
		{AF2A8BD9-08DC-447D-9887-29BFC1D1A2A5}.Debug|x64.Build.0 = Debug|x64
		{AF2A8BD9-08DC-447D-9887-29BFC1D1A2A5}.Debug|x86.ActiveCfg = Debug|Win32
		{AF2A8BD9-08DC-447D-9887-29BFC1D1A2A5}.Debug|x86.Build.0 = Debug|Win32
		{AF2A8BD9-08DC-447D-9887-29BFC1D1A2A5}.Release|x64.ActiveCfg = Release|x64
		{AF2A8BD9-08DC-447D-9887-29BFC1D1A2A5}.Release|x64.Build.0 = Release|x64
		{AF2A8BD9-08DC-447D-9887-29BFC1D1A2A5}.Release|x86.ActiveCfg = Release|Win32
		{AF2A8BD9-08DC-447D-9887-29BFC1D1A2A5}.Release|x86.Build.0 = Release|Win32
		{BBE683A8-72F1-498B-97DF-0721A91E214A}.Debug|x64.ActiveCfg = Debug|x64
		{BBE683A8-72F1-498B-97DF-0721A91E214A}.Debug|x64.Build.0 = Debug|x64
		{BBE683A8-72F1-498B-97DF-0721A91E214A}.Debug|x86.ActiveCfg = Debug|Win32
		{BBE683A8-72F1-498B-97DF-0721A91E214A}.Debug|x86.Build.0 = Debug|Win32
		{BBE683A8-72F1-498B-97DF-0721A91E214A}.Release|x64.ActiveCfg = Release|x64
		{BBE683A8-72F1-498B-97DF-0721A91E214A}.Release|x64.Build.0 = Release|x64
		{BBE683A8-72F1-498B-97DF-0721A91E214A}.Release|x86.ActiveCfg = Release|Win32
		{BBE683A8-72F1-498B-97DF-0721A91E214A}.Release|x86.Build.0 = Release|Win32
		{07AFC0E9-ADE2-4DBB-8F6B-93EE2D18F3B0}.Debug|x64.ActiveCfg = Debug|x64
		{07AFC0E9-ADE2-4DBB-8F6B-93EE2D18F3B0}.Debug|x64.Build.0 = Debug|x64
		{07AFC0E9-ADE2-4DBB-8F6B-93EE2D18F3B0}.Debug|x86.ActiveCfg = Debug|Win32
		{07AFC0E9-ADE2-4DBB-8F6B-93EE2D18F3B0}.Debug|x86.Build.0 = Debug|Win32
		{07AFC0E9-ADE2-4DBB-8F6B-93EE2D18F3B0}.Release|x64.ActiveCfg = Release|x64
		{07AFC0E9-ADE2-4DBB-8F6B-93EE2D18F3B0}.Release|x64.Build.0 = Release|x64
		{07AFC0E9-ADE2-4DBB-8F6B-93EE2D18F3B0}.Release|x86.ActiveCfg = Release|Win32
		{07AFC0E9-ADE2-4DBB-8F6B-93EE2D18F3B0}.Release|x86.Build.0 = Release|Win32
		{566C2E9D-1907-4A59-9387-BA372BEEAC32}.Debug|x64.ActiveCfg = Debug|x64
		{566C2E9D-1907-4A59-9387-BA372BEEAC32}.Debug|x64.Build.0 = Debug|x64
		{566C2E9D-1907-4A59-9387-BA372BEEAC32}.Debug|x86.ActiveCfg = Debug|Win32
		{566C2E9D-1907-4A59-9387-BA372BEEAC32}.Debug|x86.Build.0 = Debug|Win32
		{566C2E9D-1907-4A59-9387-BA372BEEAC32}.Release|x64.ActiveCfg = Release|x64
		{566C2E9D-1907-4A59-9387-BA372BEEAC32}.Release|x64.Build.0 = Release|x64
		{566C2E9D-1907-4A59-9387-BA372BEEAC32}.Release|x86.ActiveCfg = Release|Win32
		{566C2E9D-1907-4A59-9387-BA372BEEAC32}.Release|x86.Build.0 = Release|Win32
		{B3930161-987B-4276-A23C-BB3B231E6727}.Debug|x64.ActiveCfg = Debug|x64
		{B3930161-987B-4276-A23C-BB3B231E6727}.Debug|x64.Build.0 = Debug|x64
		{B3930161-987B-4276-A23C-BB3B231E6727}.Debug|x86.ActiveCfg = Debug|Win32
		{B3930161-987B-4276-A23C-BB3B231E6727}.Debug|x86.Build.0 = Debug|Win32
		{B3930161-987B-4276-A23C-BB3B231E6727}.Release|x64.ActiveCfg = Release|x64
		{B3930161-987B-4276-A23C-BB3B231E6727}.Release|x64.Build.0 = Release|x64
		{B3930161-987B-4276-A23C-BB3B231E6727}.Release|x86.ActiveCfg = Release|Win32
		{B3930161-987B-4276-A23C-BB3B231E6727}.Release|x86.Build.0 = Release|Win32
		{9B555C3D-2D71-40F8-BD0B-494C36DFF4B6}.Debug|x64.ActiveCfg = Debug|x64
		{9B555C3D-2D71-40F8-BD0B-494C36DFF4B6}.Debug|x64.Build.0 = Debug|x64
		{9B555C3D-2D71-40F8-BD0B-494C36DFF4B6}.Debug|x86.ActiveCfg = Debug|Win32
		{9B555C3D-2D71-40F8-BD0B-494C36DFF4B6}.Debug|x86.Build.0 = Debug|Win32
		{9B555C3D-2D71-40F8-BD0B-494C36DFF4B6}.Release|x64.ActiveCfg = Release|x64
		{9B555C3D-2D71-40F8-BD0B-494C36DFF4B6}.Release|x64.Build.0 = Release|x64
		{9B555C3D-2D71-40F8-BD0B-494C36DFF4B6}.Release|x86.ActiveCfg = Release|Win32
		{9B555C3D-2D71-40F8-BD0B-494C36DFF4B6}.Release|x86.Build.0 = Release|Win32
		{A4BA7F44-2D27-4BD6-8551-A71FC878AEE4}.Debug|x64.ActiveCfg = Debug|x64
		{A4BA7F44-2D27-4BD6-8551-A71FC878AEE4}.Debug|x64.Build.0 = Debug|x64
		{A4BA7F44-2D27-4BD6-8551-A71FC878AEE4}.Debug|x86.ActiveCfg = Debug|Win32
		{A4BA7F44-2D27-4BD6-8551-A71FC878AEE4}.Debug|x86.Build.0 = Debug|Win32
		{A4BA7F44-2D27-4BD6-8551-A71FC878AEE4}.Release|x64.ActiveCfg = Release|x64
		{A4BA7F44-2D27-4BD6-8551-A71FC878AEE4}.Release|x64.Build.0 = Release|x64
		{A4BA7F44-2D27-4BD6-8551-A71FC878AEE4}.Release|x86.ActiveCfg = Release|Win32
		{A4BA7F44-2D27-4BD6-8551-A71FC878AEE4}.Release|x86.Build.0 = Release|Win32
		{EA051EAD-8C61-466F-9AB5-EF32027FAF17}.Debug|x64.ActiveCfg = Debug|x64
		{EA051EAD-8C61-466F-9AB5-EF32027FAF17}.Debug|x64.Build.0 = Debug|x64
		{EA051EAD-8C61-466F-9AB5-EF32027FAF17}.Debug|x86.ActiveCfg = Debug|Win32
		{EA051EAD-8C61-466F-9AB5-EF32027FAF17}.Debug|x86.Build.0 = Debug|Win32
		{EA051EAD-8C61-466F-9AB5-EF32027FAF17}.Release|x64.ActiveCfg = Release|x64
		{EA051EAD-8C61-466F-9AB5-EF32027FAF17}.Release|x64.Build.0 = Release|x64
		{EA051EAD-8C61-466F-9AB5-EF32027FAF17}.Release|x86.ActiveCfg = Release|Win32
		{EA051EAD-8C61-466F-9AB5-EF32027FAF17}.Release|x86.Build.0 = Release|Win32
		{3E05AC8A-2502-42A3-86A5-CD47159DC486}.Debug|x64.ActiveCfg = Debug|x64
		{3E05AC8A-2502-42A3-86A5-CD47159DC486}.Debug|x64.Build.0 = Debug|x64
		{3E05AC8A-2502-42A3-86A5-CD47159DC486}.Debug|x86.ActiveCfg = Debug|Win32
		{3E05AC8A-2502-42A3-86A5-CD47159DC486}.Debug|x86.Build.0 = Debug|Win32
		{3E05AC8A-2502-42A3-86A5-CD47159DC486}.Release|x64.ActiveCfg = Release|x64
		{3E05AC8A-2502-42A3-86A5-CD47159DC486}.Release|x64.Build.0 = Release|x64
		{3E05AC8A-2502-42A3-86A5-CD47159DC486}.Release|x86.ActiveCfg = Release|Win32
		{3E05AC8A-2502-42A3-86A5-CD47159DC486}.Release|x86.Build.0 = Release|Win32
		{1601B3E1-5CB1-47EC-946E-95541587B67D}.Debug|x64.ActiveCfg = Debug|x64
		{1601B3E1-5CB1-47EC-946E-95541587B67D}.Debug|x64.Build.0 = Debug|x64
		{1601B3E1-5CB1-47EC-946E-95541587B67D}.Debug|x86.ActiveCfg = Debug|Win32
		{1601B3E1-5CB1-47EC-946E-95541587B67D}.Debug|x86.Build.0 = Debug|Win32
		{1601B3E1-5CB1-47EC-946E-95541587B67D}.Release|x64.ActiveCfg = Release|x64
		{1601B3E1-5CB1-47EC-946E-95541587B67D}.Release|x64.Build.0 = Release|x64
		{1601B3E1-5CB1-47EC-946E-95541587B67D}.Release|x86.ActiveCfg = Release|Win32
		{1601B3E1-5CB1-47EC-946E-95541587B67D}.Release|x86.Build.0 = Release|Win32
		{952200CD-ACAF-4077-AFE8-3A7C583E9221}.Debug|x64.ActiveCfg = Debug|x64
		{952200CD-ACAF-4077-AFE8-3A7C583E9221}.Debug|x64.Build.0 = Debug|x64
		{952200CD-ACAF-4077-AFE8-3A7C583E9221}.Debug|x86.ActiveCfg = Debug|Win32
		{952200CD-ACAF-4077-AFE8-3A7C583E9221}.Debug|x86.Build.0 = Debug|Win32
		{952200CD-ACAF-4077-AFE8-3A7C583E9221}.Release|x64.ActiveCfg = Release|x64
		{952200CD-ACAF-4077-AFE8-3A7C583E9221}.Release|x64.Build.0 = Release|x64
		{952200CD-ACAF-4077-AFE8-3A7C583E9221}.Release|x86.ActiveCfg = Release|Win32
		{952200CD-ACAF-4077-AFE8-3A7C583E9221}.Release|x86.Build.0 = Release|Win32
		{0C1C8B05-DBC1-4177-933C-30CBE98E9C3C}.Debug|x64.ActiveCfg = Debug|x64
		{0C1C8B05-DBC1-4177-933C-30CBE98E9C3C}.Debug|x64.Build.0 = Debug|x64
		{0C1C8B05-DBC1-4177-933C-30CBE98E9C3C}.Debug|x86.ActiveCfg = Debug|Win32
		{0C1C8B05-DBC1-4177-933C-30CBE98E9C3C}.Debug|x86.Build.0 = Debug|Win32
		{0C1C8B05-DBC1-4177-933C-30CBE98E9C3C}.Release|x64.ActiveCfg = Release|x64
		{0C1C8B05-DBC1-4177-933C-30CBE98E9C3C}.Release|x64.Build.0 = Release|x64
		{0C1C8B05-DBC1-4177-933C-30CBE98E9C3C}.Release|x86.ActiveCfg = Release|Win32
		{0C1C8B05-DBC1-4177-933C-30CBE98E9C3C}.Release|x86.Build.0 = Release|Win32
		{A5BA94E6-2C4D-453B-9DBD-476CC261AC86}.Debug|x64.ActiveCfg = Debug|x64
		{A5BA94E6-2C4D-453B-9DBD-476CC261AC86}.Debug|x64.Build.0 = Debug|x64
		{A5BA94E6-2C4D-453B-9DBD-476CC261AC86}.Debug|x86.ActiveCfg = Debug|Win32
		{A5BA94E6-2C4D-453B-9DBD-476CC261AC86}.Debug|x86.Build.0 = Debug|Win32
		{A5BA94E6-2C4D-453B-9DBD-476CC261AC86}.Release|x64.ActiveCfg = Release|x64
		{A5BA94E6-2C4D-453B-9DBD-476CC261AC86}.Release|x64.Build.0 = Release|x64
		{A5BA94E6-2C4D-453B-9DBD-476CC261AC86}.Release|x86.ActiveCfg = Release|Win32
		{A5BA94E6-2C4D-453B-9DBD-476CC261AC86}.Release|x86.Build.0 = Release|Win32
	EndGlobalSection
	GlobalSection(SolutionProperties) = preSolution
		HideSolutionNode = FALSE
	EndGlobalSection
	GlobalSection(ExtensibilityGlobals) = postSolution
		SolutionGuid = {778858C8-1583-4B80-86E6-A7862182CDDC}
	EndGlobalSection
EndGlobal
