<?xml version="1.0" encoding="utf-8"?>
<Project ToolsVersion="4.0" xmlns="http://schemas.microsoft.com/developer/msbuild/2003">
  <ItemGroup>
    <ClCompile Include="ConsoleEngineCore.cpp">
      <Filter>Engine</Filter>
    </ClCompile>
    <ClCompile Include="ConsoleMath.cpp">
      <Filter>Engine</Filter>
    </ClCompile>
    <ClCompile Include="ConsoleObject.cpp">
      <Filter>Engine</Filter>
    </ClCompile>
    <ClCompile Include="ConsoleScreen.cpp">
      <Filter>Engine</Filter>
    </ClCompile>
    <ClCompile Include="Snake2.cpp">
      <Filter>Engine</Filter>
    </ClCompile>
    <ClCompile Include="createManager.cpp">
      <Filter>Contents</Filter>
    </ClCompile>
    <ClCompile Include="Apple.cpp">
      <Filter>Contents</Filter>
    </ClCompile>
    <ClCompile Include="Snake.cpp">
      <Filter>Contents</Filter>
    </ClCompile>
  </ItemGroup>
  <ItemGroup>
    <ClInclude Include="ConsoleEngineCore.h">
      <Filter>Engine</Filter>
    </ClInclude>
    <ClInclude Include="ConsoleMath.h">
      <Filter>Engine</Filter>
    </ClInclude>
    <ClInclude Include="ConsoleObject.h">
      <Filter>Engine</Filter>
    </ClInclude>
    <ClInclude Include="ConsoleScreen.h">
      <Filter>Engine</Filter>
    </ClInclude>
    <ClInclude Include="createManager.h">
      <Filter>Contents</Filter>
    </ClInclude>
    <ClInclude Include="Apple.h">
      <Filter>Contents</Filter>
    </ClInclude>
    <ClInclude Include="Snake.h">
      <Filter>Contents</Filter>
    </ClInclude>
  </ItemGroup>
  <ItemGroup>
    <Filter Include="Contents">
      <UniqueIdentifier>{2e02c075-0382-41ca-a0b1-11b5221c5ae3}</UniqueIdentifier>
    </Filter>
    <Filter Include="Engine">
      <UniqueIdentifier>{e0d5bacf-448c-4086-9486-6b067af73e50}</UniqueIdentifier>
    </Filter>
  </ItemGroup>
</Project>